
Microsoft Visual Studio Solution File, Format Version 12.00
# Visual Studio Version 16
VisualStudioVersion = 16.0.29920.165
MinimumVisualStudioVersion = 10.0.40219.1
Project("{2150E333-8FDC-42A3-9474-1A3956D46DE8}") = "0 - Core", "0 - Core", "{A299BF96-1980-4336-8F9D-4487434827CD}"
EndProject
Project("{2150E333-8FDC-42A3-9474-1A3956D46DE8}") = "1 - Application", "1 - Application", "{BB194D89-2C59-46EB-85ED-97AD52DBB81D}"
EndProject
Project("{2150E333-8FDC-42A3-9474-1A3956D46DE8}") = "2 - Domain", "2 - Domain", "{EA447D85-FC66-4EB5-B80E-BC44540038C1}"
EndProject
Project("{2150E333-8FDC-42A3-9474-1A3956D46DE8}") = "3 - Service", "3 - Service", "{7B83D7D8-A59B-44B5-82CD-154D888AD98C}"
EndProject
Project("{2150E333-8FDC-42A3-9474-1A3956D46DE8}") = "4 - Infrastructure", "4 - Infrastructure", "{FA83C98E-513B-42BB-AEE5-ABF8205980B2}"
EndProject
Project("{2150E333-8FDC-42A3-9474-1A3956D46DE8}") = "Data", "Data", "{A002966C-2AD3-4FF2-817A-60688B36075C}"
EndProject
Project("{2150E333-8FDC-42A3-9474-1A3956D46DE8}") = "Data", "Data", "{517A3510-C870-4446-91C1-C5E644329716}"
EndProject
Project("{2150E333-8FDC-42A3-9474-1A3956D46DE8}") = "Util", "Util", "{DCC8CF42-391F-4371-81F4-0AA59B0470F3}"
EndProject
Project("{9A19103F-16F7-4668-BE54-9A1E7A4F7556}") = "Demo.Core.Data", "Demo.Core.Data\Demo.Core.Data.csproj", "{F5D62055-EF89-450C-BBDA-280F926FF1F9}"
EndProject
Project("{9A19103F-16F7-4668-BE54-9A1E7A4F7556}") = "Demo.Core.Util", "Demo.Core.Util\Demo.Core.Util.csproj", "{D40534AC-75BE-4EC9-8D5C-F011D714F893}"
EndProject
Project("{9A19103F-16F7-4668-BE54-9A1E7A4F7556}") = "Demo.WebApi", "Demo.WebApi\Demo.WebApi.csproj", "{3E92A136-2B4F-4DB3-9649-F53508833F6A}"
EndProject
Project("{9A19103F-16F7-4668-BE54-9A1E7A4F7556}") = "Demo.Domain", "Demo.Domain\Demo.Domain.csproj", "{F5ECBCCB-181C-4BA6-ABF9-78E53A966E34}"
EndProject
Project("{9A19103F-16F7-4668-BE54-9A1E7A4F7556}") = "Demo.Service", "Demo.Service\Demo.Service.csproj", "{6551F084-4171-44E4-81C5-AE11A6E205D7}"
EndProject
Project("{9A19103F-16F7-4668-BE54-9A1E7A4F7556}") = "Demo.Infrastructure.Data", "Demo.Infrastructure.Data\Demo.Infrastructure.Data.csproj", "{7636883F-1A42-49DE-91FB-B64BAA2F42CA}"
EndProject
Global
	GlobalSection(SolutionConfigurationPlatforms) = preSolution
		Debug|Any CPU = Debug|Any CPU
		Release|Any CPU = Release|Any CPU
	EndGlobalSection
	GlobalSection(ProjectConfigurationPlatforms) = postSolution
		{F5D62055-EF89-450C-BBDA-280F926FF1F9}.Debug|Any CPU.ActiveCfg = Debug|Any CPU
		{F5D62055-EF89-450C-BBDA-280F926FF1F9}.Debug|Any CPU.Build.0 = Debug|Any CPU
		{F5D62055-EF89-450C-BBDA-280F926FF1F9}.Release|Any CPU.ActiveCfg = Release|Any CPU
		{F5D62055-EF89-450C-BBDA-280F926FF1F9}.Release|Any CPU.Build.0 = Release|Any CPU
		{D40534AC-75BE-4EC9-8D5C-F011D714F893}.Debug|Any CPU.ActiveCfg = Debug|Any CPU
		{D40534AC-75BE-4EC9-8D5C-F011D714F893}.Debug|Any CPU.Build.0 = Debug|Any CPU
		{D40534AC-75BE-4EC9-8D5C-F011D714F893}.Release|Any CPU.ActiveCfg = Release|Any CPU
		{D40534AC-75BE-4EC9-8D5C-F011D714F893}.Release|Any CPU.Build.0 = Release|Any CPU
		{3E92A136-2B4F-4DB3-9649-F53508833F6A}.Debug|Any CPU.ActiveCfg = Debug|Any CPU
		{3E92A136-2B4F-4DB3-9649-F53508833F6A}.Debug|Any CPU.Build.0 = Debug|Any CPU
		{3E92A136-2B4F-4DB3-9649-F53508833F6A}.Release|Any CPU.ActiveCfg = Release|Any CPU
		{3E92A136-2B4F-4DB3-9649-F53508833F6A}.Release|Any CPU.Build.0 = Release|Any CPU
		{F5ECBCCB-181C-4BA6-ABF9-78E53A966E34}.Debug|Any CPU.ActiveCfg = Debug|Any CPU
		{F5ECBCCB-181C-4BA6-ABF9-78E53A966E34}.Debug|Any CPU.Build.0 = Debug|Any CPU
		{F5ECBCCB-181C-4BA6-ABF9-78E53A966E34}.Release|Any CPU.ActiveCfg = Release|Any CPU
		{F5ECBCCB-181C-4BA6-ABF9-78E53A966E34}.Release|Any CPU.Build.0 = Release|Any CPU
		{6551F084-4171-44E4-81C5-AE11A6E205D7}.Debug|Any CPU.ActiveCfg = Debug|Any CPU
		{6551F084-4171-44E4-81C5-AE11A6E205D7}.Debug|Any CPU.Build.0 = Debug|Any CPU
		{6551F084-4171-44E4-81C5-AE11A6E205D7}.Release|Any CPU.ActiveCfg = Release|Any CPU
		{6551F084-4171-44E4-81C5-AE11A6E205D7}.Release|Any CPU.Build.0 = Release|Any CPU
		{7636883F-1A42-49DE-91FB-B64BAA2F42CA}.Debug|Any CPU.ActiveCfg = Debug|Any CPU
		{7636883F-1A42-49DE-91FB-B64BAA2F42CA}.Debug|Any CPU.Build.0 = Debug|Any CPU
		{7636883F-1A42-49DE-91FB-B64BAA2F42CA}.Release|Any CPU.ActiveCfg = Release|Any CPU
		{7636883F-1A42-49DE-91FB-B64BAA2F42CA}.Release|Any CPU.Build.0 = Release|Any CPU
	EndGlobalSection
	GlobalSection(SolutionProperties) = preSolution
		HideSolutionNode = FALSE
	EndGlobalSection
	GlobalSection(NestedProjects) = preSolution
		{A002966C-2AD3-4FF2-817A-60688B36075C} = {FA83C98E-513B-42BB-AEE5-ABF8205980B2}
		{517A3510-C870-4446-91C1-C5E644329716} = {A299BF96-1980-4336-8F9D-4487434827CD}
		{DCC8CF42-391F-4371-81F4-0AA59B0470F3} = {A299BF96-1980-4336-8F9D-4487434827CD}
		{F5D62055-EF89-450C-BBDA-280F926FF1F9} = {517A3510-C870-4446-91C1-C5E644329716}
		{D40534AC-75BE-4EC9-8D5C-F011D714F893} = {DCC8CF42-391F-4371-81F4-0AA59B0470F3}
		{3E92A136-2B4F-4DB3-9649-F53508833F6A} = {BB194D89-2C59-46EB-85ED-97AD52DBB81D}
		{F5ECBCCB-181C-4BA6-ABF9-78E53A966E34} = {EA447D85-FC66-4EB5-B80E-BC44540038C1}
		{6551F084-4171-44E4-81C5-AE11A6E205D7} = {7B83D7D8-A59B-44B5-82CD-154D888AD98C}
		{7636883F-1A42-49DE-91FB-B64BAA2F42CA} = {A002966C-2AD3-4FF2-817A-60688B36075C}
	EndGlobalSection
	GlobalSection(ExtensibilityGlobals) = postSolution
		SolutionGuid = {581F4192-97E9-40B1-9948-2B123A764C17}
	EndGlobalSection
EndGlobal
