
Microsoft Visual Studio Solution File, Format Version 12.00
# Visual Studio Version 16
VisualStudioVersion = 16.0.29920.165
MinimumVisualStudioVersion = 10.0.40219.1
Project("{2150E333-8FDC-42A3-9474-1A3956D46DE8}") = "0 - Core", "0 - Core", "{A299BF96-1980-4336-8F9D-4487434827CD}"
EndProject
Project("{2150E333-8FDC-42A3-9474-1A3956D46DE8}") = "1 - Application", "1 - Application", "{BB194D89-2C59-46EB-85ED-97AD52DBB81D}"
EndProject
Project("{2150E333-8FDC-42A3-9474-1A3956D46DE8}") = "2 - Domain", "2 - Domain", "{EA447D85-FC66-4EB5-B80E-BC44540038C1}"
EndProject
Project("{2150E333-8FDC-42A3-9474-1A3956D46DE8}") = "3 - Service", "3 - Service", "{7B83D7D8-A59B-44B5-82CD-154D888AD98C}"
EndProject
Project("{2150E333-8FDC-42A3-9474-1A3956D46DE8}") = "4 - Infrastructure", "4 - Infrastructure", "{FA83C98E-513B-42BB-AEE5-ABF8205980B2}"
EndProject
Project("{9A19103F-16F7-4668-BE54-9A1E7A4F7556}") = "TurtlePizzaria.Core", "TurtlePizzaria.Core\TurtlePizzaria.Core.csproj", "{EAF4C966-E88D-41BD-A2D9-EA01F4D5999D}"
EndProject
Project("{9A19103F-16F7-4668-BE54-9A1E7A4F7556}") = "TurtlePizzaria.Domain", "TurtlePizzaria.Domain\TurtlePizzaria.Domain.csproj", "{A10CFFFB-9F54-4AE4-92B5-6703F5EEBAC0}"
EndProject
Project("{9A19103F-16F7-4668-BE54-9A1E7A4F7556}") = "TurtlePizzaria.Infrastructure", "TurtlePizzaria.Infrastructure\TurtlePizzaria.Infrastructure.csproj", "{D69C0FAD-EBE0-4B93-B15E-52CABA86DFFE}"
EndProject
Project("{9A19103F-16F7-4668-BE54-9A1E7A4F7556}") = "TurtlePizzaria.Service", "TurtlePizzaria.Service\TurtlePizzaria.Service.csproj", "{C5D6320E-8F86-45DB-AA22-E5C2C0A4E1BE}"
EndProject
Project("{9A19103F-16F7-4668-BE54-9A1E7A4F7556}") = "TurtlePizzaria.Application", "TurtlePizzaria.Application\TurtlePizzaria.Application.csproj", "{8BA3FE80-C7A2-469E-8263-8DCA33023FE8}"
EndProject
Global
	GlobalSection(SolutionConfigurationPlatforms) = preSolution
		Debug|Any CPU = Debug|Any CPU
		Release|Any CPU = Release|Any CPU
	EndGlobalSection
	GlobalSection(ProjectConfigurationPlatforms) = postSolution
		{EAF4C966-E88D-41BD-A2D9-EA01F4D5999D}.Debug|Any CPU.ActiveCfg = Debug|Any CPU
		{EAF4C966-E88D-41BD-A2D9-EA01F4D5999D}.Debug|Any CPU.Build.0 = Debug|Any CPU
		{EAF4C966-E88D-41BD-A2D9-EA01F4D5999D}.Release|Any CPU.ActiveCfg = Release|Any CPU
		{EAF4C966-E88D-41BD-A2D9-EA01F4D5999D}.Release|Any CPU.Build.0 = Release|Any CPU
		{A10CFFFB-9F54-4AE4-92B5-6703F5EEBAC0}.Debug|Any CPU.ActiveCfg = Debug|Any CPU
		{A10CFFFB-9F54-4AE4-92B5-6703F5EEBAC0}.Debug|Any CPU.Build.0 = Debug|Any CPU
		{A10CFFFB-9F54-4AE4-92B5-6703F5EEBAC0}.Release|Any CPU.ActiveCfg = Release|Any CPU
		{A10CFFFB-9F54-4AE4-92B5-6703F5EEBAC0}.Release|Any CPU.Build.0 = Release|Any CPU
		{D69C0FAD-EBE0-4B93-B15E-52CABA86DFFE}.Debug|Any CPU.ActiveCfg = Debug|Any CPU
		{D69C0FAD-EBE0-4B93-B15E-52CABA86DFFE}.Debug|Any CPU.Build.0 = Debug|Any CPU
		{D69C0FAD-EBE0-4B93-B15E-52CABA86DFFE}.Release|Any CPU.ActiveCfg = Release|Any CPU
		{D69C0FAD-EBE0-4B93-B15E-52CABA86DFFE}.Release|Any CPU.Build.0 = Release|Any CPU
		{C5D6320E-8F86-45DB-AA22-E5C2C0A4E1BE}.Debug|Any CPU.ActiveCfg = Debug|Any CPU
		{C5D6320E-8F86-45DB-AA22-E5C2C0A4E1BE}.Debug|Any CPU.Build.0 = Debug|Any CPU
		{C5D6320E-8F86-45DB-AA22-E5C2C0A4E1BE}.Release|Any CPU.ActiveCfg = Release|Any CPU
		{C5D6320E-8F86-45DB-AA22-E5C2C0A4E1BE}.Release|Any CPU.Build.0 = Release|Any CPU
		{8BA3FE80-C7A2-469E-8263-8DCA33023FE8}.Debug|Any CPU.ActiveCfg = Debug|Any CPU
		{8BA3FE80-C7A2-469E-8263-8DCA33023FE8}.Debug|Any CPU.Build.0 = Debug|Any CPU
		{8BA3FE80-C7A2-469E-8263-8DCA33023FE8}.Release|Any CPU.ActiveCfg = Release|Any CPU
		{8BA3FE80-C7A2-469E-8263-8DCA33023FE8}.Release|Any CPU.Build.0 = Release|Any CPU
	EndGlobalSection
	GlobalSection(SolutionProperties) = preSolution
		HideSolutionNode = FALSE
	EndGlobalSection
	GlobalSection(NestedProjects) = preSolution
		{EAF4C966-E88D-41BD-A2D9-EA01F4D5999D} = {A299BF96-1980-4336-8F9D-4487434827CD}
		{A10CFFFB-9F54-4AE4-92B5-6703F5EEBAC0} = {EA447D85-FC66-4EB5-B80E-BC44540038C1}
		{D69C0FAD-EBE0-4B93-B15E-52CABA86DFFE} = {FA83C98E-513B-42BB-AEE5-ABF8205980B2}
		{C5D6320E-8F86-45DB-AA22-E5C2C0A4E1BE} = {7B83D7D8-A59B-44B5-82CD-154D888AD98C}
		{8BA3FE80-C7A2-469E-8263-8DCA33023FE8} = {BB194D89-2C59-46EB-85ED-97AD52DBB81D}
	EndGlobalSection
	GlobalSection(ExtensibilityGlobals) = postSolution
		SolutionGuid = {581F4192-97E9-40B1-9948-2B123A764C17}
	EndGlobalSection
EndGlobal
